{
  "name": "inklink-backend",
  "version": "0.0.0",
  "lockfileVersion": 1,
  "requires": true,
  "dependencies": {
    "dts2hx": {
      "version": "0.15.3",
      "resolved": "https://registry.npmjs.org/dts2hx/-/dts2hx-0.15.3.tgz",
      "integrity": "sha512-5CFCfCLPnKfxMSLBB8JVVkKdUX//DXx7+maabjr0JZlVlLsxXFR8oL/6RhN9ppIkA55rWypLE8288EY73nlHSg==",
      "dev": true,
      "requires": {
        "typescript": "3.7.4"
      }
    },
    "inkjs": {
      "version": "2.0.0",
      "resolved": "https://registry.npmjs.org/inkjs/-/inkjs-2.0.0.tgz",
      "integrity": "sha512-rYKIPfY0GygxabFl04fFqQa8iisN1KY+4j+SOxLYVbirIzLL/t1BmO6Z7DuW8/PnRYRzsWu/wnjL+ZpJ0BxyAg=="
    },
    "typescript": {
      "version": "3.7.4",
      "resolved": "https://registry.npmjs.org/typescript/-/typescript-3.7.4.tgz",
      "integrity": "sha512-A25xv5XCtarLwXpcDNZzCGvW2D1S3/bACratYBx2sax8PefsFhlYmkQicKHvpYflFS8if4zne5zT5kpJ7pzuvw==",
      "dev": true
    }
  }
}
